
Microsoft Visual Studio Solution File, Format Version 12.00
# Visual Studio 15
VisualStudioVersion = 15.0.27428.2015
MinimumVisualStudioVersion = 10.0.40219.1
Project("{FAE04EC0-301F-11D3-BF4B-00C04F79EFBC}") = "CardsGame", "CardsGame\CardsGame.csproj", "{A9192CE6-AC36-4EF7-BAFF-97A5477A9B05}"
EndProject
Global
	GlobalSection(SolutionConfigurationPlatforms) = preSolution
		Debug|Any CPU = Debug|Any CPU
		Release|Any CPU = Release|Any CPU
	EndGlobalSection
	GlobalSection(ProjectConfigurationPlatforms) = postSolution
		{A9192CE6-AC36-4EF7-BAFF-97A5477A9B05}.Debug|Any CPU.ActiveCfg = Debug|Any CPU
		{A9192CE6-AC36-4EF7-BAFF-97A5477A9B05}.Debug|Any CPU.Build.0 = Debug|Any CPU
		{A9192CE6-AC36-4EF7-BAFF-97A5477A9B05}.Release|Any CPU.ActiveCfg = Release|Any CPU
		{A9192CE6-AC36-4EF7-BAFF-97A5477A9B05}.Release|Any CPU.Build.0 = Release|Any CPU
	EndGlobalSection
	GlobalSection(SolutionProperties) = preSolution
		HideSolutionNode = FALSE
	EndGlobalSection
	GlobalSection(ExtensibilityGlobals) = postSolution
		SolutionGuid = {1C2DAD84-9260-4F18-9379-8BF837F919A7}
	EndGlobalSection
EndGlobal
